// !$*UTF8*$!
{
	archiveVersion = 1;
	classes = {
	};
	objectVersion = 46;
	objects = {

/* Begin PBXBuildFile section */
		79587465187E5E9600B48047 /* Foundation.framework in Frameworks */ = {isa = PBXBuildFile; fileRef = 79587464187E5E9600B48047 /* Foundation.framework */; };
		79587468187E5E9600B48047 /* main.m in Sources */ = {isa = PBXBuildFile; fileRef = 79587467187E5E9600B48047 /* main.m */; };
		7958746C187E5E9600B48047 /* mousemove.1 in CopyFiles */ = {isa = PBXBuildFile; fileRef = 7958746B187E5E9600B48047 /* mousemove.1 */; };
		79587473187E65D000B48047 /* ApplicationServices.framework in Frameworks */ = {isa = PBXBuildFile; fileRef = 79587472187E65D000B48047 /* ApplicationServices.framework */; };
/* End PBXBuildFile section */

/* Begin PBXCopyFilesBuildPhase section */
		7958745F187E5E9600B48047 /* CopyFiles */ = {
			isa = PBXCopyFilesBuildPhase;
			buildActionMask = 2147483647;
			dstPath = /usr/share/man/man1/;
			dstSubfolderSpec = 0;
			files = (
				7958746C187E5E9600B48047 /* mousemove.1 in CopyFiles */,
			);
			runOnlyForDeploymentPostprocessing = 1;
		};
/* End PBXCopyFilesBuildPhase section */

/* Begin PBXFileReference section */
		79587461187E5E9600B48047 /* mousemove */ = {isa = PBXFileReference; explicitFileType = "compiled.mach-o.executable"; includeInIndex = 0; path = mousemove; sourceTree = BUILT_PRODUCTS_DIR; };
		79587464187E5E9600B48047 /* Foundation.framework */ = {isa = PBXFileReference; lastKnownFileType = wrapper.framework; name = Foundation.framework; path = System/Library/Frameworks/Foundation.framework; sourceTree = SDKROOT; };
		79587467187E5E9600B48047 /* main.m */ = {isa = PBXFileReference; indentWidth = 4; lastKnownFileType = sourcecode.c.objc; path = main.m; sourceTree = "<group>"; tabWidth = 4; };
		7958746A187E5E9600B48047 /* mousemove-Prefix.pch */ = {isa = PBXFileReference; lastKnownFileType = sourcecode.c.h; path = "mousemove-Prefix.pch"; sourceTree = "<group>"; };
		7958746B187E5E9600B48047 /* mousemove.1 */ = {isa = PBXFileReference; lastKnownFileType = text.man; path = mousemove.1; sourceTree = "<group>"; };
		79587472187E65D000B48047 /* ApplicationServices.framework */ = {isa = PBXFileReference; lastKnownFileType = wrapper.framework; name = ApplicationServices.framework; path = System/Library/Frameworks/ApplicationServices.framework; sourceTree = SDKROOT; };
/* End PBXFileReference section */

/* Begin PBXFrameworksBuildPhase section */
		7958745E187E5E9600B48047 /* Frameworks */ = {
			isa = PBXFrameworksBuildPhase;
			buildActionMask = 2147483647;
			files = (
				79587473187E65D000B48047 /* ApplicationServices.framework in Frameworks */,
				79587465187E5E9600B48047 /* Foundation.framework in Frameworks */,
			);
			runOnlyForDeploymentPostprocessing = 0;
		};
/* End PBXFrameworksBuildPhase section */

/* Begin PBXGroup section */
		79587458187E5E9600B48047 = {
			isa = PBXGroup;
			children = (
				79587466187E5E9600B48047 /* mousemove */,
				79587463187E5E9600B48047 /* Frameworks */,
				79587462187E5E9600B48047 /* Products */,
			);
			sourceTree = "<group>";
		};
		79587462187E5E9600B48047 /* Products */ = {
			isa = PBXGroup;
			children = (
				79587461187E5E9600B48047 /* mousemove */,
			);
			name = Products;
			sourceTree = "<group>";
		};
		79587463187E5E9600B48047 /* Frameworks */ = {
			isa = PBXGroup;
			children = (
				79587472187E65D000B48047 /* ApplicationServices.framework */,
				79587464187E5E9600B48047 /* Foundation.framework */,
			);
			name = Frameworks;
			sourceTree = "<group>";
		};
		79587466187E5E9600B48047 /* mousemove */ = {
			isa = PBXGroup;
			children = (
				79587467187E5E9600B48047 /* main.m */,
				7958746B187E5E9600B48047 /* mousemove.1 */,
				79587469187E5E9600B48047 /* Supporting Files */,
			);
			path = mousemove;
			sourceTree = "<group>";
		};
		79587469187E5E9600B48047 /* Supporting Files */ = {
			isa = PBXGroup;
			children = (
				7958746A187E5E9600B48047 /* mousemove-Prefix.pch */,
			);
			name = "Supporting Files";
			sourceTree = "<group>";
		};
/* End PBXGroup section */

/* Begin PBXNativeTarget section */
		79587460187E5E9600B48047 /* mousemove */ = {
			isa = PBXNativeTarget;
			buildConfigurationList = 7958746F187E5E9600B48047 /* Build configuration list for PBXNativeTarget "mousemove" */;
			buildPhases = (
				7958745D187E5E9600B48047 /* Sources */,
				7958745E187E5E9600B48047 /* Frameworks */,
				7958745F187E5E9600B48047 /* CopyFiles */,
			);
			buildRules = (
			);
			dependencies = (
			);
			name = mousemove;
			productName = mousemove;
			productReference = 79587461187E5E9600B48047 /* mousemove */;
			productType = "com.apple.product-type.tool";
		};
/* End PBXNativeTarget section */

/* Begin PBXProject section */
		79587459187E5E9600B48047 /* Project object */ = {
			isa = PBXProject;
			attributes = {
				LastUpgradeCheck = 0500;
				ORGANIZATIONNAME = "Eric Trinh";
			};
			buildConfigurationList = 7958745C187E5E9600B48047 /* Build configuration list for PBXProject "mousemove" */;
			compatibilityVersion = "Xcode 3.2";
			developmentRegion = English;
			hasScannedForEncodings = 0;
			knownRegions = (
				en,
			);
			mainGroup = 79587458187E5E9600B48047;
			productRefGroup = 79587462187E5E9600B48047 /* Products */;
			projectDirPath = "";
			projectRoot = "";
			targets = (
				79587460187E5E9600B48047 /* mousemove */,
			);
		};
/* End PBXProject section */

/* Begin PBXSourcesBuildPhase section */
		7958745D187E5E9600B48047 /* Sources */ = {
			isa = PBXSourcesBuildPhase;
			buildActionMask = 2147483647;
			files = (
				79587468187E5E9600B48047 /* main.m in Sources */,
			);
			runOnlyForDeploymentPostprocessing = 0;
		};
/* End PBXSourcesBuildPhase section */

/* Begin XCBuildConfiguration section */
		7958746D187E5E9600B48047 /* Debug */ = {
			isa = XCBuildConfiguration;
			buildSettings = {
				ALWAYS_SEARCH_USER_PATHS = NO;
				CLANG_CXX_LANGUAGE_STANDARD = "gnu++0x";
				CLANG_CXX_LIBRARY = "libc++";
				CLANG_ENABLE_OBJC_ARC = YES;
				CLANG_WARN_BOOL_CONVERSION = YES;
				CLANG_WARN_CONSTANT_CONVERSION = YES;
				CLANG_WARN_DIRECT_OBJC_ISA_USAGE = YES_ERROR;
				CLANG_WARN_EMPTY_BODY = YES;
				CLANG_WARN_ENUM_CONVERSION = YES;
				CLANG_WARN_INT_CONVERSION = YES;
				CLANG_WARN_OBJC_ROOT_CLASS = YES_ERROR;
				CLANG_WARN__DUPLICATE_METHOD_MATCH = YES;
				COPY_PHASE_STRIP = NO;
				GCC_C_LANGUAGE_STANDARD = gnu99;
				GCC_DYNAMIC_NO_PIC = NO;
				GCC_ENABLE_OBJC_EXCEPTIONS = YES;
				GCC_OPTIMIZATION_LEVEL = 0;
				GCC_PREPROCESSOR_DEFINITIONS = (
					"DEBUG=1",
					"$(inherited)",
				);
				GCC_SYMBOLS_PRIVATE_EXTERN = NO;
				GCC_WARN_64_TO_32_BIT_CONVERSION = YES;
				GCC_WARN_ABOUT_RETURN_TYPE = YES_ERROR;
				GCC_WARN_UNDECLARED_SELECTOR = YES;
				GCC_WARN_UNINITIALIZED_AUTOS = YES;
				GCC_WARN_UNUSED_FUNCTION = YES;
				GCC_WARN_UNUSED_VARIABLE = YES;
				MACOSX_DEPLOYMENT_TARGET = 10.9;
				ONLY_ACTIVE_ARCH = YES;
				SDKROOT = macosx;
			};
			name = Debug;
		};
		7958746E187E5E9600B48047 /* Release */ = {
			isa = XCBuildConfiguration;
			buildSettings = {
				ALWAYS_SEARCH_USER_PATHS = NO;
				CLANG_CXX_LANGUAGE_STANDARD = "gnu++0x";
				CLANG_CXX_LIBRARY = "libc++";
				CLANG_ENABLE_OBJC_ARC = YES;
				CLANG_WARN_BOOL_CONVERSION = YES;
				CLANG_WARN_CONSTANT_CONVERSION = YES;
				CLANG_WARN_DIRECT_OBJC_ISA_USAGE = YES_ERROR;
				CLANG_WARN_EMPTY_BODY = YES;
				CLANG_WARN_ENUM_CONVERSION = YES;
				CLANG_WARN_INT_CONVERSION = YES;
				CLANG_WARN_OBJC_ROOT_CLASS = YES_ERROR;
				CLANG_WARN__DUPLICATE_METHOD_MATCH = YES;
				COPY_PHASE_STRIP = YES;
				DEBUG_INFORMATION_FORMAT = "dwarf-with-dsym";
				ENABLE_NS_ASSERTIONS = NO;
				GCC_C_LANGUAGE_STANDARD = gnu99;
				GCC_ENABLE_OBJC_EXCEPTIONS = YES;
				GCC_WARN_64_TO_32_BIT_CONVERSION = YES;
				GCC_WARN_ABOUT_RETURN_TYPE = YES_ERROR;
				GCC_WARN_UNDECLARED_SELECTOR = YES;
				GCC_WARN_UNINITIALIZED_AUTOS = YES;
				GCC_WARN_UNUSED_FUNCTION = YES;
				GCC_WARN_UNUSED_VARIABLE = YES;
				MACOSX_DEPLOYMENT_TARGET = 10.9;
				SDKROOT = macosx;
			};
			name = Release;
		};
		79587470187E5E9600B48047 /* Debug */ = {
			isa = XCBuildConfiguration;
			buildSettings = {
				GCC_PRECOMPILE_PREFIX_HEADER = YES;
				GCC_PREFIX_HEADER = "mousemove/mousemove-Prefix.pch";
				PRODUCT_NAME = "$(TARGET_NAME)";
			};
			name = Debug;
		};
		79587471187E5E9600B48047 /* Release */ = {
			isa = XCBuildConfiguration;
			buildSettings = {
				GCC_PRECOMPILE_PREFIX_HEADER = YES;
				GCC_PREFIX_HEADER = "mousemove/mousemove-Prefix.pch";
				PRODUCT_NAME = "$(TARGET_NAME)";
			};
			name = Release;
		};
/* End XCBuildConfiguration section */

/* Begin XCConfigurationList section */
		7958745C187E5E9600B48047 /* Build configuration list for PBXProject "mousemove" */ = {
			isa = XCConfigurationList;
			buildConfigurations = (
				7958746D187E5E9600B48047 /* Debug */,
				7958746E187E5E9600B48047 /* Release */,
			);
			defaultConfigurationIsVisible = 0;
			defaultConfigurationName = Release;
		};
		7958746F187E5E9600B48047 /* Build configuration list for PBXNativeTarget "mousemove" */ = {
			isa = XCConfigurationList;
			buildConfigurations = (
				79587470187E5E9600B48047 /* Debug */,
				79587471187E5E9600B48047 /* Release */,
			);
			defaultConfigurationIsVisible = 0;
			defaultConfigurationName = Release;
		};
/* End XCConfigurationList section */
	};
	rootObject = 79587459187E5E9600B48047 /* Project object */;
}
